
Microsoft Visual Studio Solution File, Format Version 12.00
# Visual Studio 14
VisualStudioVersion = 14.0.25123.0
MinimumVisualStudioVersion = 10.0.40219.1
Project("{FAE04EC0-301F-11D3-BF4B-00C04F79EFBC}") = "RoomForRentCOOL", "RoomForRentCOOL\RoomForRentCOOL.csproj", "{70E94837-C74C-4982-974E-F2A7D584562C}"
EndProject
Project("{FAE04EC0-301F-11D3-BF4B-00C04F79EFBC}") = "RoomForRentModels", "RoomForRentModels\RoomForRentModels.csproj", "{36A10AD9-3B98-4F37-849D-D717FC9BCF02}"
EndProject
Project("{FAE04EC0-301F-11D3-BF4B-00C04F79EFBC}") = "RoomForRentXmlDataAccess", "RoomForRentXmlDataAccess\RoomForRentXmlDataAccess.csproj", "{91D74AEE-7E3F-49DC-9DD7-5536B2A26873}"
EndProject
Project("{FAE04EC0-301F-11D3-BF4B-00C04F79EFBC}") = "CB.Model.Common", "..\..\..\Libraries\DotNet\CB.Model\CB.Model.Common\CB.Model.Common.csproj", "{33A5DF99-1312-4023-A6EF-EABB9848F5A6}"
EndProject
Project("{FAE04EC0-301F-11D3-BF4B-00C04F79EFBC}") = "RoomForRentWindow", "RoomForRentWindow\RoomForRentWindow.csproj", "{D0D8D0F3-B324-4DA8-A9C9-5C1954AE693C}"
EndProject
Project("{FAE04EC0-301F-11D3-BF4B-00C04F79EFBC}") = "RoomForRentViewModel", "RoomForRentViewModel\RoomForRentViewModel.csproj", "{DEDC5A40-58B2-4466-9C56-D6E2A863D64D}"
EndProject
Project("{FAE04EC0-301F-11D3-BF4B-00C04F79EFBC}") = "RoomForRentEntityDataAccess", "RoomForRentEntityDataAccess\RoomForRentEntityDataAccess.csproj", "{753E4481-12BC-4B29-BDDE-A6C77A164530}"
EndProject
Project("{FAE04EC0-301F-11D3-BF4B-00C04F79EFBC}") = "CB.Database.EntityFramework", "..\..\..\Libraries\DotNet\CB.Database\CB.Database.EntityFramework\CB.Database.EntityFramework.csproj", "{B6EAB130-16B2-4B28-8EF3-041F14D60523}"
EndProject
Global
	GlobalSection(SolutionConfigurationPlatforms) = preSolution
		Debug|Any CPU = Debug|Any CPU
		Release|Any CPU = Release|Any CPU
	EndGlobalSection
	GlobalSection(ProjectConfigurationPlatforms) = postSolution
		{70E94837-C74C-4982-974E-F2A7D584562C}.Debug|Any CPU.ActiveCfg = Debug|Any CPU
		{70E94837-C74C-4982-974E-F2A7D584562C}.Debug|Any CPU.Build.0 = Debug|Any CPU
		{70E94837-C74C-4982-974E-F2A7D584562C}.Release|Any CPU.ActiveCfg = Release|Any CPU
		{70E94837-C74C-4982-974E-F2A7D584562C}.Release|Any CPU.Build.0 = Release|Any CPU
		{36A10AD9-3B98-4F37-849D-D717FC9BCF02}.Debug|Any CPU.ActiveCfg = Debug|Any CPU
		{36A10AD9-3B98-4F37-849D-D717FC9BCF02}.Debug|Any CPU.Build.0 = Debug|Any CPU
		{36A10AD9-3B98-4F37-849D-D717FC9BCF02}.Release|Any CPU.ActiveCfg = Release|Any CPU
		{36A10AD9-3B98-4F37-849D-D717FC9BCF02}.Release|Any CPU.Build.0 = Release|Any CPU
		{91D74AEE-7E3F-49DC-9DD7-5536B2A26873}.Debug|Any CPU.ActiveCfg = Debug|Any CPU
		{91D74AEE-7E3F-49DC-9DD7-5536B2A26873}.Debug|Any CPU.Build.0 = Debug|Any CPU
		{91D74AEE-7E3F-49DC-9DD7-5536B2A26873}.Release|Any CPU.ActiveCfg = Release|Any CPU
		{91D74AEE-7E3F-49DC-9DD7-5536B2A26873}.Release|Any CPU.Build.0 = Release|Any CPU
		{33A5DF99-1312-4023-A6EF-EABB9848F5A6}.Debug|Any CPU.ActiveCfg = Debug|Any CPU
		{33A5DF99-1312-4023-A6EF-EABB9848F5A6}.Debug|Any CPU.Build.0 = Debug|Any CPU
		{33A5DF99-1312-4023-A6EF-EABB9848F5A6}.Release|Any CPU.ActiveCfg = Release|Any CPU
		{33A5DF99-1312-4023-A6EF-EABB9848F5A6}.Release|Any CPU.Build.0 = Release|Any CPU
		{D0D8D0F3-B324-4DA8-A9C9-5C1954AE693C}.Debug|Any CPU.ActiveCfg = Debug|Any CPU
		{D0D8D0F3-B324-4DA8-A9C9-5C1954AE693C}.Debug|Any CPU.Build.0 = Debug|Any CPU
		{D0D8D0F3-B324-4DA8-A9C9-5C1954AE693C}.Release|Any CPU.ActiveCfg = Release|Any CPU
		{D0D8D0F3-B324-4DA8-A9C9-5C1954AE693C}.Release|Any CPU.Build.0 = Release|Any CPU
		{DEDC5A40-58B2-4466-9C56-D6E2A863D64D}.Debug|Any CPU.ActiveCfg = Debug|Any CPU
		{DEDC5A40-58B2-4466-9C56-D6E2A863D64D}.Debug|Any CPU.Build.0 = Debug|Any CPU
		{DEDC5A40-58B2-4466-9C56-D6E2A863D64D}.Release|Any CPU.ActiveCfg = Release|Any CPU
		{DEDC5A40-58B2-4466-9C56-D6E2A863D64D}.Release|Any CPU.Build.0 = Release|Any CPU
		{753E4481-12BC-4B29-BDDE-A6C77A164530}.Debug|Any CPU.ActiveCfg = Debug|Any CPU
		{753E4481-12BC-4B29-BDDE-A6C77A164530}.Debug|Any CPU.Build.0 = Debug|Any CPU
		{753E4481-12BC-4B29-BDDE-A6C77A164530}.Release|Any CPU.ActiveCfg = Release|Any CPU
		{753E4481-12BC-4B29-BDDE-A6C77A164530}.Release|Any CPU.Build.0 = Release|Any CPU
		{B6EAB130-16B2-4B28-8EF3-041F14D60523}.Debug|Any CPU.ActiveCfg = Debug|Any CPU
		{B6EAB130-16B2-4B28-8EF3-041F14D60523}.Debug|Any CPU.Build.0 = Debug|Any CPU
		{B6EAB130-16B2-4B28-8EF3-041F14D60523}.Release|Any CPU.ActiveCfg = Release|Any CPU
		{B6EAB130-16B2-4B28-8EF3-041F14D60523}.Release|Any CPU.Build.0 = Release|Any CPU
	EndGlobalSection
	GlobalSection(SolutionProperties) = preSolution
		HideSolutionNode = FALSE
	EndGlobalSection
EndGlobal
