
Microsoft Visual Studio Solution File, Format Version 12.00
# Visual Studio 14
VisualStudioVersion = 14.0.25123.0
MinimumVisualStudioVersion = 10.0.40219.1
Project("{FAE04EC0-301F-11D3-BF4B-00C04F79EFBC}") = "RoomForRentCOOL", "RoomForRentCOOL\RoomForRentCOOL.csproj", "{70E94837-C74C-4982-974E-F2A7D584562C}"
EndProject
Project("{FAE04EC0-301F-11D3-BF4B-00C04F79EFBC}") = "RoomForRentModels", "RoomForRentModels\RoomForRentModels.csproj", "{36A10AD9-3B98-4F37-849D-D717FC9BCF02}"
EndProject
Project("{FAE04EC0-301F-11D3-BF4B-00C04F79EFBC}") = "RoomForRentXmlDataAccess", "RoomForRentXmlDataAccess\RoomForRentXmlDataAccess.csproj", "{91D74AEE-7E3F-49DC-9DD7-5536B2A26873}"
EndProject
Project("{FAE04EC0-301F-11D3-BF4B-00C04F79EFBC}") = "CB.Model.Common", "..\..\..\Libraries\DotNet\CB.Model\CB.Model.Common\CB.Model.Common.csproj", "{33A5DF99-1312-4023-A6EF-EABB9848F5A6}"
EndProject
Project("{FAE04EC0-301F-11D3-BF4B-00C04F79EFBC}") = "RoomForRentWindow", "RoomForRentWindow\RoomForRentWindow.csproj", "{D0D8D0F3-B324-4DA8-A9C9-5C1954AE693C}"
EndProject
Project("{FAE04EC0-301F-11D3-BF4B-00C04F79EFBC}") = "RoomForRentViewModel", "RoomForRentViewModel\RoomForRentViewModel.csproj", "{DEDC5A40-58B2-4466-9C56-D6E2A863D64D}"
EndProject
Project("{FAE04EC0-301F-11D3-BF4B-00C04F79EFBC}") = "RoomForRentEntityDataAccess", "RoomForRentEntityDataAccess\RoomForRentEntityDataAccess.csproj", "{753E4481-12BC-4B29-BDDE-A6C77A164530}"
EndProject
Project("{FAE04EC0-301F-11D3-BF4B-00C04F79EFBC}") = "RoomForRentSqLiteEntity", "RoomForRentSqLiteEntity\RoomForRentSqLiteEntity.csproj", "{40AA1E42-9149-424F-BE0A-7D1BB06C2A16}"
EndProject
Project("{FAE04EC0-301F-11D3-BF4B-00C04F79EFBC}") = "RoomForRentMySqlEntity", "RoomForRentMySqlEntity\RoomForRentMySqlEntity.csproj", "{3C65C140-22B3-4C46-8822-C8C8B47CC027}"
EndProject
Project("{FAE04EC0-301F-11D3-BF4B-00C04F79EFBC}") = "RoomForRentSqlServerCompactEntity", "RoomForRentSqlServerCompactEntity\RoomForRentSqlServerCompactEntity.csproj", "{FB23370B-B376-4E9E-A1D1-CD8C4D15018C}"
EndProject
Project("{FAE04EC0-301F-11D3-BF4B-00C04F79EFBC}") = "CB.Database.EntityFramework", "..\..\..\Libraries\DotNet\CB.Database\CB.Database.EntityFramework\CB.Database.EntityFramework.csproj", "{B6EAB130-16B2-4B28-8EF3-041F14D60523}"
EndProject
Project("{FAE04EC0-301F-11D3-BF4B-00C04F79EFBC}") = "RoomForRentHelperApps", "RoomForRentHelperApps\RoomForRentHelperApps.csproj", "{4E5C4761-A7E0-4E83-A2F7-CBEE322817E0}"
EndProject
Project("{FAE04EC0-301F-11D3-BF4B-00C04F79EFBC}") = "CB.Xaml.Behaviors", "..\..\..\Libraries\DotNet\CB.Xaml\CB.Xaml.Behaviors\CB.Xaml.Behaviors.csproj", "{033B6C10-B667-4B70-AA49-E61F6C8AA084}"
EndProject
Project("{FAE04EC0-301F-11D3-BF4B-00C04F79EFBC}") = "CB.WPF.Controls.DataControls", "..\..\..\Libraries\DotNet\CB.WPF\CB.WPF.Controls.DataControls\CB.WPF.Controls.DataControls.csproj", "{7F7A05AB-7135-4065-B72F-8796DC9DF11D}"
EndProject
Project("{FAE04EC0-301F-11D3-BF4B-00C04F79EFBC}") = "CB.Model.Prism", "..\..\..\Libraries\DotNet\CB.Model\CB.Model.Prism\CB.Model.Prism.csproj", "{6A52CAE9-6F3E-4A20-96EB-0E6116A6709C}"
EndProject
Project("{FAE04EC0-301F-11D3-BF4B-00C04F79EFBC}") = "CB.Model.Design", "..\..\..\Libraries\DotNet\CB.Model\CB.Model.Design\CB.Model.Design.csproj", "{7319EB0A-F9E5-4996-9806-09AD83C7806D}"
EndProject
Project("{FAE04EC0-301F-11D3-BF4B-00C04F79EFBC}") = "CB.Wpf.Controls", "..\..\..\Libraries\DotNet\CB.WPF\CB.Wpf.Controls\CB.Wpf.Controls.csproj", "{40DDC946-CD13-4734-990F-FBFF6914652E}"
EndProject
Project("{FAE04EC0-301F-11D3-BF4B-00C04F79EFBC}") = "CB.Model.Serialization", "..\..\..\Libraries\DotNet\CB.Model\CB.Model.Serialization\CB.Model.Serialization.csproj", "{D1C79FD2-D8F3-4C20-8AF6-C9D570F29D77}"
EndProject
Global
	GlobalSection(SolutionConfigurationPlatforms) = preSolution
		Debug|Any CPU = Debug|Any CPU
		Debug|x64 = Debug|x64
		Release|Any CPU = Release|Any CPU
		Release|x64 = Release|x64
	EndGlobalSection
	GlobalSection(ProjectConfigurationPlatforms) = postSolution
		{70E94837-C74C-4982-974E-F2A7D584562C}.Debug|Any CPU.ActiveCfg = Debug|Any CPU
		{70E94837-C74C-4982-974E-F2A7D584562C}.Debug|Any CPU.Build.0 = Debug|Any CPU
		{70E94837-C74C-4982-974E-F2A7D584562C}.Debug|x64.ActiveCfg = Debug|Any CPU
		{70E94837-C74C-4982-974E-F2A7D584562C}.Debug|x64.Build.0 = Debug|Any CPU
		{70E94837-C74C-4982-974E-F2A7D584562C}.Release|Any CPU.ActiveCfg = Release|Any CPU
		{70E94837-C74C-4982-974E-F2A7D584562C}.Release|Any CPU.Build.0 = Release|Any CPU
		{70E94837-C74C-4982-974E-F2A7D584562C}.Release|x64.ActiveCfg = Release|Any CPU
		{70E94837-C74C-4982-974E-F2A7D584562C}.Release|x64.Build.0 = Release|Any CPU
		{36A10AD9-3B98-4F37-849D-D717FC9BCF02}.Debug|Any CPU.ActiveCfg = Debug|Any CPU
		{36A10AD9-3B98-4F37-849D-D717FC9BCF02}.Debug|Any CPU.Build.0 = Debug|Any CPU
		{36A10AD9-3B98-4F37-849D-D717FC9BCF02}.Debug|x64.ActiveCfg = Debug|Any CPU
		{36A10AD9-3B98-4F37-849D-D717FC9BCF02}.Debug|x64.Build.0 = Debug|Any CPU
		{36A10AD9-3B98-4F37-849D-D717FC9BCF02}.Release|Any CPU.ActiveCfg = Release|Any CPU
		{36A10AD9-3B98-4F37-849D-D717FC9BCF02}.Release|Any CPU.Build.0 = Release|Any CPU
		{36A10AD9-3B98-4F37-849D-D717FC9BCF02}.Release|x64.ActiveCfg = Release|Any CPU
		{36A10AD9-3B98-4F37-849D-D717FC9BCF02}.Release|x64.Build.0 = Release|Any CPU
		{91D74AEE-7E3F-49DC-9DD7-5536B2A26873}.Debug|Any CPU.ActiveCfg = Debug|Any CPU
		{91D74AEE-7E3F-49DC-9DD7-5536B2A26873}.Debug|Any CPU.Build.0 = Debug|Any CPU
		{91D74AEE-7E3F-49DC-9DD7-5536B2A26873}.Debug|x64.ActiveCfg = Debug|Any CPU
		{91D74AEE-7E3F-49DC-9DD7-5536B2A26873}.Debug|x64.Build.0 = Debug|Any CPU
		{91D74AEE-7E3F-49DC-9DD7-5536B2A26873}.Release|Any CPU.ActiveCfg = Release|Any CPU
		{91D74AEE-7E3F-49DC-9DD7-5536B2A26873}.Release|Any CPU.Build.0 = Release|Any CPU
		{91D74AEE-7E3F-49DC-9DD7-5536B2A26873}.Release|x64.ActiveCfg = Release|Any CPU
		{91D74AEE-7E3F-49DC-9DD7-5536B2A26873}.Release|x64.Build.0 = Release|Any CPU
		{33A5DF99-1312-4023-A6EF-EABB9848F5A6}.Debug|Any CPU.ActiveCfg = Debug|Any CPU
		{33A5DF99-1312-4023-A6EF-EABB9848F5A6}.Debug|Any CPU.Build.0 = Debug|Any CPU
		{33A5DF99-1312-4023-A6EF-EABB9848F5A6}.Debug|x64.ActiveCfg = Debug|Any CPU
		{33A5DF99-1312-4023-A6EF-EABB9848F5A6}.Debug|x64.Build.0 = Debug|Any CPU
		{33A5DF99-1312-4023-A6EF-EABB9848F5A6}.Release|Any CPU.ActiveCfg = Release|Any CPU
		{33A5DF99-1312-4023-A6EF-EABB9848F5A6}.Release|Any CPU.Build.0 = Release|Any CPU
		{33A5DF99-1312-4023-A6EF-EABB9848F5A6}.Release|x64.ActiveCfg = Release|Any CPU
		{33A5DF99-1312-4023-A6EF-EABB9848F5A6}.Release|x64.Build.0 = Release|Any CPU
		{D0D8D0F3-B324-4DA8-A9C9-5C1954AE693C}.Debug|Any CPU.ActiveCfg = Debug|Any CPU
		{D0D8D0F3-B324-4DA8-A9C9-5C1954AE693C}.Debug|Any CPU.Build.0 = Debug|Any CPU
		{D0D8D0F3-B324-4DA8-A9C9-5C1954AE693C}.Debug|x64.ActiveCfg = Debug|Any CPU
		{D0D8D0F3-B324-4DA8-A9C9-5C1954AE693C}.Debug|x64.Build.0 = Debug|Any CPU
		{D0D8D0F3-B324-4DA8-A9C9-5C1954AE693C}.Release|Any CPU.ActiveCfg = Release|Any CPU
		{D0D8D0F3-B324-4DA8-A9C9-5C1954AE693C}.Release|Any CPU.Build.0 = Release|Any CPU
		{D0D8D0F3-B324-4DA8-A9C9-5C1954AE693C}.Release|x64.ActiveCfg = Release|Any CPU
		{D0D8D0F3-B324-4DA8-A9C9-5C1954AE693C}.Release|x64.Build.0 = Release|Any CPU
		{DEDC5A40-58B2-4466-9C56-D6E2A863D64D}.Debug|Any CPU.ActiveCfg = Debug|Any CPU
		{DEDC5A40-58B2-4466-9C56-D6E2A863D64D}.Debug|Any CPU.Build.0 = Debug|Any CPU
		{DEDC5A40-58B2-4466-9C56-D6E2A863D64D}.Debug|x64.ActiveCfg = Debug|Any CPU
		{DEDC5A40-58B2-4466-9C56-D6E2A863D64D}.Debug|x64.Build.0 = Debug|Any CPU
		{DEDC5A40-58B2-4466-9C56-D6E2A863D64D}.Release|Any CPU.ActiveCfg = Release|Any CPU
		{DEDC5A40-58B2-4466-9C56-D6E2A863D64D}.Release|Any CPU.Build.0 = Release|Any CPU
		{DEDC5A40-58B2-4466-9C56-D6E2A863D64D}.Release|x64.ActiveCfg = Release|Any CPU
		{DEDC5A40-58B2-4466-9C56-D6E2A863D64D}.Release|x64.Build.0 = Release|Any CPU
		{753E4481-12BC-4B29-BDDE-A6C77A164530}.Debug|Any CPU.ActiveCfg = Debug|Any CPU
		{753E4481-12BC-4B29-BDDE-A6C77A164530}.Debug|Any CPU.Build.0 = Debug|Any CPU
		{753E4481-12BC-4B29-BDDE-A6C77A164530}.Debug|x64.ActiveCfg = Debug|Any CPU
		{753E4481-12BC-4B29-BDDE-A6C77A164530}.Debug|x64.Build.0 = Debug|Any CPU
		{753E4481-12BC-4B29-BDDE-A6C77A164530}.Release|Any CPU.ActiveCfg = Release|Any CPU
		{753E4481-12BC-4B29-BDDE-A6C77A164530}.Release|Any CPU.Build.0 = Release|Any CPU
		{753E4481-12BC-4B29-BDDE-A6C77A164530}.Release|x64.ActiveCfg = Release|Any CPU
		{753E4481-12BC-4B29-BDDE-A6C77A164530}.Release|x64.Build.0 = Release|Any CPU
		{40AA1E42-9149-424F-BE0A-7D1BB06C2A16}.Debug|Any CPU.ActiveCfg = Debug|Any CPU
		{40AA1E42-9149-424F-BE0A-7D1BB06C2A16}.Debug|Any CPU.Build.0 = Debug|Any CPU
		{40AA1E42-9149-424F-BE0A-7D1BB06C2A16}.Debug|x64.ActiveCfg = Debug|Any CPU
		{40AA1E42-9149-424F-BE0A-7D1BB06C2A16}.Debug|x64.Build.0 = Debug|Any CPU
		{40AA1E42-9149-424F-BE0A-7D1BB06C2A16}.Release|Any CPU.ActiveCfg = Release|Any CPU
		{40AA1E42-9149-424F-BE0A-7D1BB06C2A16}.Release|Any CPU.Build.0 = Release|Any CPU
		{40AA1E42-9149-424F-BE0A-7D1BB06C2A16}.Release|x64.ActiveCfg = Release|Any CPU
		{40AA1E42-9149-424F-BE0A-7D1BB06C2A16}.Release|x64.Build.0 = Release|Any CPU
		{3C65C140-22B3-4C46-8822-C8C8B47CC027}.Debug|Any CPU.ActiveCfg = Debug|Any CPU
		{3C65C140-22B3-4C46-8822-C8C8B47CC027}.Debug|Any CPU.Build.0 = Debug|Any CPU
		{3C65C140-22B3-4C46-8822-C8C8B47CC027}.Debug|x64.ActiveCfg = Debug|Any CPU
		{3C65C140-22B3-4C46-8822-C8C8B47CC027}.Debug|x64.Build.0 = Debug|Any CPU
		{3C65C140-22B3-4C46-8822-C8C8B47CC027}.Release|Any CPU.ActiveCfg = Release|Any CPU
		{3C65C140-22B3-4C46-8822-C8C8B47CC027}.Release|Any CPU.Build.0 = Release|Any CPU
		{3C65C140-22B3-4C46-8822-C8C8B47CC027}.Release|x64.ActiveCfg = Release|Any CPU
		{3C65C140-22B3-4C46-8822-C8C8B47CC027}.Release|x64.Build.0 = Release|Any CPU
		{FB23370B-B376-4E9E-A1D1-CD8C4D15018C}.Debug|Any CPU.ActiveCfg = Debug|Any CPU
		{FB23370B-B376-4E9E-A1D1-CD8C4D15018C}.Debug|Any CPU.Build.0 = Debug|Any CPU
		{FB23370B-B376-4E9E-A1D1-CD8C4D15018C}.Debug|x64.ActiveCfg = Debug|Any CPU
		{FB23370B-B376-4E9E-A1D1-CD8C4D15018C}.Debug|x64.Build.0 = Debug|Any CPU
		{FB23370B-B376-4E9E-A1D1-CD8C4D15018C}.Release|Any CPU.ActiveCfg = Release|Any CPU
		{FB23370B-B376-4E9E-A1D1-CD8C4D15018C}.Release|Any CPU.Build.0 = Release|Any CPU
		{FB23370B-B376-4E9E-A1D1-CD8C4D15018C}.Release|x64.ActiveCfg = Release|Any CPU
		{FB23370B-B376-4E9E-A1D1-CD8C4D15018C}.Release|x64.Build.0 = Release|Any CPU
		{B6EAB130-16B2-4B28-8EF3-041F14D60523}.Debug|Any CPU.ActiveCfg = Debug|Any CPU
		{B6EAB130-16B2-4B28-8EF3-041F14D60523}.Debug|Any CPU.Build.0 = Debug|Any CPU
		{B6EAB130-16B2-4B28-8EF3-041F14D60523}.Debug|x64.ActiveCfg = Debug|Any CPU
		{B6EAB130-16B2-4B28-8EF3-041F14D60523}.Debug|x64.Build.0 = Debug|Any CPU
		{B6EAB130-16B2-4B28-8EF3-041F14D60523}.Release|Any CPU.ActiveCfg = Release|Any CPU
		{B6EAB130-16B2-4B28-8EF3-041F14D60523}.Release|Any CPU.Build.0 = Release|Any CPU
		{B6EAB130-16B2-4B28-8EF3-041F14D60523}.Release|x64.ActiveCfg = Release|Any CPU
		{B6EAB130-16B2-4B28-8EF3-041F14D60523}.Release|x64.Build.0 = Release|Any CPU
		{4E5C4761-A7E0-4E83-A2F7-CBEE322817E0}.Debug|Any CPU.ActiveCfg = Debug|Any CPU
		{4E5C4761-A7E0-4E83-A2F7-CBEE322817E0}.Debug|Any CPU.Build.0 = Debug|Any CPU
		{4E5C4761-A7E0-4E83-A2F7-CBEE322817E0}.Debug|x64.ActiveCfg = Debug|Any CPU
		{4E5C4761-A7E0-4E83-A2F7-CBEE322817E0}.Debug|x64.Build.0 = Debug|Any CPU
		{4E5C4761-A7E0-4E83-A2F7-CBEE322817E0}.Release|Any CPU.ActiveCfg = Release|Any CPU
		{4E5C4761-A7E0-4E83-A2F7-CBEE322817E0}.Release|Any CPU.Build.0 = Release|Any CPU
		{4E5C4761-A7E0-4E83-A2F7-CBEE322817E0}.Release|x64.ActiveCfg = Release|Any CPU
		{4E5C4761-A7E0-4E83-A2F7-CBEE322817E0}.Release|x64.Build.0 = Release|Any CPU
		{033B6C10-B667-4B70-AA49-E61F6C8AA084}.Debug|Any CPU.ActiveCfg = Debug|Any CPU
		{033B6C10-B667-4B70-AA49-E61F6C8AA084}.Debug|Any CPU.Build.0 = Debug|Any CPU
		{033B6C10-B667-4B70-AA49-E61F6C8AA084}.Debug|x64.ActiveCfg = Debug|x64
		{033B6C10-B667-4B70-AA49-E61F6C8AA084}.Debug|x64.Build.0 = Debug|x64
		{033B6C10-B667-4B70-AA49-E61F6C8AA084}.Release|Any CPU.ActiveCfg = Release|Any CPU
		{033B6C10-B667-4B70-AA49-E61F6C8AA084}.Release|Any CPU.Build.0 = Release|Any CPU
		{033B6C10-B667-4B70-AA49-E61F6C8AA084}.Release|x64.ActiveCfg = Release|x64
		{033B6C10-B667-4B70-AA49-E61F6C8AA084}.Release|x64.Build.0 = Release|x64
		{7F7A05AB-7135-4065-B72F-8796DC9DF11D}.Debug|Any CPU.ActiveCfg = Debug|Any CPU
		{7F7A05AB-7135-4065-B72F-8796DC9DF11D}.Debug|Any CPU.Build.0 = Debug|Any CPU
		{7F7A05AB-7135-4065-B72F-8796DC9DF11D}.Debug|x64.ActiveCfg = Debug|Any CPU
		{7F7A05AB-7135-4065-B72F-8796DC9DF11D}.Debug|x64.Build.0 = Debug|Any CPU
		{7F7A05AB-7135-4065-B72F-8796DC9DF11D}.Release|Any CPU.ActiveCfg = Release|Any CPU
		{7F7A05AB-7135-4065-B72F-8796DC9DF11D}.Release|Any CPU.Build.0 = Release|Any CPU
		{7F7A05AB-7135-4065-B72F-8796DC9DF11D}.Release|x64.ActiveCfg = Release|Any CPU
		{7F7A05AB-7135-4065-B72F-8796DC9DF11D}.Release|x64.Build.0 = Release|Any CPU
		{6A52CAE9-6F3E-4A20-96EB-0E6116A6709C}.Debug|Any CPU.ActiveCfg = Debug|Any CPU
		{6A52CAE9-6F3E-4A20-96EB-0E6116A6709C}.Debug|Any CPU.Build.0 = Debug|Any CPU
		{6A52CAE9-6F3E-4A20-96EB-0E6116A6709C}.Debug|x64.ActiveCfg = Debug|Any CPU
		{6A52CAE9-6F3E-4A20-96EB-0E6116A6709C}.Debug|x64.Build.0 = Debug|Any CPU
		{6A52CAE9-6F3E-4A20-96EB-0E6116A6709C}.Release|Any CPU.ActiveCfg = Release|Any CPU
		{6A52CAE9-6F3E-4A20-96EB-0E6116A6709C}.Release|Any CPU.Build.0 = Release|Any CPU
		{6A52CAE9-6F3E-4A20-96EB-0E6116A6709C}.Release|x64.ActiveCfg = Release|Any CPU
		{6A52CAE9-6F3E-4A20-96EB-0E6116A6709C}.Release|x64.Build.0 = Release|Any CPU
		{7319EB0A-F9E5-4996-9806-09AD83C7806D}.Debug|Any CPU.ActiveCfg = Debug|Any CPU
		{7319EB0A-F9E5-4996-9806-09AD83C7806D}.Debug|Any CPU.Build.0 = Debug|Any CPU
		{7319EB0A-F9E5-4996-9806-09AD83C7806D}.Debug|x64.ActiveCfg = Debug|Any CPU
		{7319EB0A-F9E5-4996-9806-09AD83C7806D}.Debug|x64.Build.0 = Debug|Any CPU
		{7319EB0A-F9E5-4996-9806-09AD83C7806D}.Release|Any CPU.ActiveCfg = Release|Any CPU
		{7319EB0A-F9E5-4996-9806-09AD83C7806D}.Release|Any CPU.Build.0 = Release|Any CPU
		{7319EB0A-F9E5-4996-9806-09AD83C7806D}.Release|x64.ActiveCfg = Release|Any CPU
		{7319EB0A-F9E5-4996-9806-09AD83C7806D}.Release|x64.Build.0 = Release|Any CPU
		{40DDC946-CD13-4734-990F-FBFF6914652E}.Debug|Any CPU.ActiveCfg = Debug|Any CPU
		{40DDC946-CD13-4734-990F-FBFF6914652E}.Debug|Any CPU.Build.0 = Debug|Any CPU
		{40DDC946-CD13-4734-990F-FBFF6914652E}.Debug|x64.ActiveCfg = Debug|Any CPU
		{40DDC946-CD13-4734-990F-FBFF6914652E}.Debug|x64.Build.0 = Debug|Any CPU
		{40DDC946-CD13-4734-990F-FBFF6914652E}.Release|Any CPU.ActiveCfg = Release|Any CPU
		{40DDC946-CD13-4734-990F-FBFF6914652E}.Release|Any CPU.Build.0 = Release|Any CPU
		{40DDC946-CD13-4734-990F-FBFF6914652E}.Release|x64.ActiveCfg = Release|Any CPU
		{40DDC946-CD13-4734-990F-FBFF6914652E}.Release|x64.Build.0 = Release|Any CPU
		{D1C79FD2-D8F3-4C20-8AF6-C9D570F29D77}.Debug|Any CPU.ActiveCfg = Debug|Any CPU
		{D1C79FD2-D8F3-4C20-8AF6-C9D570F29D77}.Debug|Any CPU.Build.0 = Debug|Any CPU
		{D1C79FD2-D8F3-4C20-8AF6-C9D570F29D77}.Debug|x64.ActiveCfg = Debug|Any CPU
		{D1C79FD2-D8F3-4C20-8AF6-C9D570F29D77}.Debug|x64.Build.0 = Debug|Any CPU
		{D1C79FD2-D8F3-4C20-8AF6-C9D570F29D77}.Release|Any CPU.ActiveCfg = Release|Any CPU
		{D1C79FD2-D8F3-4C20-8AF6-C9D570F29D77}.Release|Any CPU.Build.0 = Release|Any CPU
		{D1C79FD2-D8F3-4C20-8AF6-C9D570F29D77}.Release|x64.ActiveCfg = Release|Any CPU
		{D1C79FD2-D8F3-4C20-8AF6-C9D570F29D77}.Release|x64.Build.0 = Release|Any CPU
	EndGlobalSection
	GlobalSection(SolutionProperties) = preSolution
		HideSolutionNode = FALSE
	EndGlobalSection
EndGlobal
